{
  "nodes": {
    "catppuccin-hyprland": {
      "flake": false,
      "locked": {
        "lastModified": 1702668781,
        "narHash": "sha256-9BhZq9J1LmHfAPBqOr64chiAEzS+YV6zqe9ma95V3no=",
        "owner": "catppuccin",
        "repo": "hyprland",
        "rev": "fc228737d3d0c12e34a7fa155a0fc3192e5e4017",
        "type": "github"
      },
      "original": {
        "owner": "catppuccin",
        "repo": "hyprland",
        "type": "github"
      }
    },
    "home-manager": {
      "inputs": {
        "nixpkgs": [
          "nixpkgs"
        ]
      },
      "locked": {
        "lastModified": 1710974515,
        "narHash": "sha256-jZpdsypecYTOO9l12Vy77otGmh9uz8tGzcguifA30Vs=",
        "owner": "nix-community",
        "repo": "home-manager",
        "rev": "1c2acec99933f9835cc7ad47e35303de92d923a4",
        "type": "github"
      },
      "original": {
        "owner": "nix-community",
        "ref": "master",
        "repo": "home-manager",
        "type": "github"
      }
    },
    "nix-darwin": {
      "inputs": {
        "nixpkgs": [
          "nixpkgs"
        ]
      },
      "locked": {
        "lastModified": 1710717205,
        "narHash": "sha256-Wf3gHh5uV6W1TV/A8X8QJf99a5ypDSugY4sNtdJDe0A=",
        "owner": "LnL7",
        "repo": "nix-darwin",
        "rev": "bcc8afd06e237df060c85bad6af7128e05fd61a3",
        "type": "github"
      },
      "original": {
        "owner": "LnL7",
        "repo": "nix-darwin",
        "type": "github"
      }
    },
    "nixos-hardware": {
      "locked": {
        "lastModified": 1710783728,
        "narHash": "sha256-eIsfu3c9JUBgm3cURSKTXLEI9Dlk1azo+MWKZVqrmkc=",
        "owner": "NixOS",
        "repo": "nixos-hardware",
        "rev": "1e679b9a9970780cd5d4dfe755a74a8f96d33388",
        "type": "github"
      },
      "original": {
        "id": "nixos-hardware",
        "ref": "master",
        "type": "indirect"
      }
    },
    "nixpkgs": {
      "locked": {
        "lastModified": 1710806803,
        "narHash": "sha256-qrxvLS888pNJFwJdK+hf1wpRCSQcqA6W5+Ox202NDa0=",
        "owner": "NixOS",
        "repo": "nixpkgs",
        "rev": "b06025f1533a1e07b6db3e75151caa155d1c7eb3",
        "type": "github"
      },
      "original": {
        "id": "nixpkgs",
        "ref": "nixos-unstable",
        "type": "indirect"
      }
    },
    "root": {
      "inputs": {
        "catppuccin-hyprland": "catppuccin-hyprland",
        "home-manager": "home-manager",
        "nix-darwin": "nix-darwin",
        "nixos-hardware": "nixos-hardware",
        "nixpkgs": "nixpkgs"
      }
    }
  },
  "root": "root",
  "version": 7
}
