{
  "nodes": {
    "catppuccin-hyprland": {
      "flake": false,
      "locked": {
        "lastModified": 1718784939,
        "narHash": "sha256-xSa/z0Pu+ioZ0gFH9qSo9P94NPkEMovstm1avJ7rvzM=",
        "owner": "catppuccin",
        "repo": "hyprland",
        "rev": "c388ac55563ddeea0afe9df79d4bfff0096b146b",
        "type": "github"
      },
      "original": {
        "owner": "catppuccin",
        "repo": "hyprland",
        "type": "github"
      }
    },
    "catppuccin-waybar": {
      "flake": false,
      "locked": {
        "lastModified": 1720870206,
        "narHash": "sha256-za0y6hcN2rvN6Xjf31xLRe4PP0YyHu2i454ZPjr+lWA=",
        "owner": "catppuccin",
        "repo": "waybar",
        "rev": "ee8ed32b4f63e9c417249c109818dcc05a2e25da",
        "type": "github"
      },
      "original": {
        "owner": "catppuccin",
        "repo": "waybar",
        "type": "github"
      }
    },
    "catppuccin-wofi": {
      "flake": false,
      "locked": {
        "lastModified": 1694887594,
        "narHash": "sha256-zQGiF/8WZ15ZlQVVgxuQq4qatinxMx2Y6Xl5Zcuhp7Y=",
        "owner": "quantumfate",
        "repo": "wofi",
        "rev": "6c37e0f65b9af45ebe680e3e0f5131f452747c6f",
        "type": "github"
      },
      "original": {
        "owner": "quantumfate",
        "repo": "wofi",
        "type": "github"
      }
    },
    "flake-utils": {
      "inputs": {
        "systems": "systems_4"
      },
      "locked": {
        "lastModified": 1726560853,
        "narHash": "sha256-X6rJYSESBVr3hBoH0WbKE5KvhPU5bloyZ2L4K60/fPQ=",
        "owner": "numtide",
        "repo": "flake-utils",
        "rev": "c1dfcf08411b08f6b8615f7d8971a2bfa81d5e8a",
        "type": "github"
      },
      "original": {
        "owner": "numtide",
        "repo": "flake-utils",
        "type": "github"
      }
    },
    "home-manager": {
      "inputs": {
        "nixpkgs": [
          "nixpkgs"
        ]
      },
      "locked": {
        "lastModified": 1740606115,
        "narHash": "sha256-GKe3vrIWcei4gSTckEzHr5Zf/g9NSofmsAnbkNYU+lM=",
        "owner": "nix-community",
        "repo": "home-manager",
        "rev": "6be185eb76295e7562f5bf2da42afe374b8beb15",
        "type": "github"
      },
      "original": {
        "owner": "nix-community",
        "ref": "master",
        "repo": "home-manager",
        "type": "github"
      }
    },
    "hyprcursor": {
      "inputs": {
        "hyprlang": [
          "hyprlang"
        ],
        "nixpkgs": [
          "nixpkgs"
        ],
        "systems": "systems"
      },
      "locked": {
        "lastModified": 1738664950,
        "narHash": "sha256-xIeGNM+iivwVHkv9tHwOqoUP5dDrtees34bbFKKMZYs=",
        "owner": "hyprwm",
        "repo": "hyprcursor",
        "rev": "7c6d165e1eb9045a996551eb9f121b6d1b30adc3",
        "type": "github"
      },
      "original": {
        "owner": "hyprwm",
        "repo": "hyprcursor",
        "type": "github"
      }
    },
    "hyprlang": {
      "inputs": {
        "hyprutils": [
          "hyprutils"
        ],
        "nixpkgs": [
          "nixpkgs"
        ],
        "systems": "systems_2"
      },
      "locked": {
        "lastModified": 1740503891,
        "narHash": "sha256-Ot3tuZuTYglmcvGq2aH4mkt4GS1oyrRaTjLRoYvZXcY=",
        "owner": "hyprwm",
        "repo": "hyprlang",
        "rev": "1d7d96a278e222ba3c1cce9c580c20bb3f412c1c",
        "type": "github"
      },
      "original": {
        "owner": "hyprwm",
        "repo": "hyprlang",
        "type": "github"
      }
    },
    "hyprutils": {
      "inputs": {
        "nixpkgs": [
          "nixpkgs"
        ],
        "systems": "systems_3"
      },
      "locked": {
        "lastModified": 1739891528,
        "narHash": "sha256-h8HOCZ/rw2Buzku+GKF77VXxrGjCSOQkLhptiEKMYg0=",
        "owner": "hyprwm",
        "repo": "hyprutils",
        "rev": "61a5382f4b1ab578064d470b1b3d3f0df396b8ba",
        "type": "github"
      },
      "original": {
        "owner": "hyprwm",
        "repo": "hyprutils",
        "type": "github"
      }
    },
    "nix-darwin": {
      "inputs": {
        "nixpkgs": [
          "nixpkgs"
        ]
      },
      "locked": {
        "lastModified": 1740452771,
        "narHash": "sha256-/tI1vFJ7/dXJqUmI+s0EV1F0DPe6dZvT444mrLUkrlU=",
        "owner": "LnL7",
        "repo": "nix-darwin",
        "rev": "42be12b510253d750138ec90c66decc282298b44",
        "type": "github"
      },
      "original": {
        "owner": "LnL7",
        "repo": "nix-darwin",
        "type": "github"
      }
    },
    "nixos-hardware": {
      "locked": {
        "lastModified": 1740387674,
        "narHash": "sha256-pGk/aA0EBvI6o4DeuZsr05Ig/r4uMlSaf5EWUZEWM10=",
        "owner": "NixOS",
        "repo": "nixos-hardware",
        "rev": "d58f642ddb23320965b27beb0beba7236e9117b5",
        "type": "github"
      },
      "original": {
        "id": "nixos-hardware",
        "ref": "master",
        "type": "indirect"
      }
    },
    "nixpkgs": {
      "locked": {
        "lastModified": 1740367490,
        "narHash": "sha256-WGaHVAjcrv+Cun7zPlI41SerRtfknGQap281+AakSAw=",
        "owner": "NixOS",
        "repo": "nixpkgs",
        "rev": "0196c0175e9191c474c26ab5548db27ef5d34b05",
        "type": "github"
      },
      "original": {
        "id": "nixpkgs",
        "ref": "nixos-unstable",
        "type": "indirect"
      }
    },
    "nixpkgs_2": {
      "locked": {
        "lastModified": 1728492678,
        "narHash": "sha256-9UTxR8eukdg+XZeHgxW5hQA9fIKHsKCdOIUycTryeVw=",
        "owner": "NixOS",
        "repo": "nixpkgs",
        "rev": "5633bcff0c6162b9e4b5f1264264611e950c8ec7",
        "type": "github"
      },
      "original": {
        "owner": "NixOS",
        "ref": "nixos-unstable",
        "repo": "nixpkgs",
        "type": "github"
      }
    },
    "nixpkgs_3": {
      "locked": {
        "lastModified": 1718428119,
        "narHash": "sha256-WdWDpNaq6u1IPtxtYHHWpl5BmabtpmLnMAx0RdJ/vo8=",
        "owner": "NixOS",
        "repo": "nixpkgs",
        "rev": "e6cea36f83499eb4e9cd184c8a8e823296b50ad5",
        "type": "github"
      },
      "original": {
        "owner": "NixOS",
        "ref": "nixpkgs-unstable",
        "repo": "nixpkgs",
        "type": "github"
      }
    },
    "rhea": {
      "inputs": {
        "flake-utils": "flake-utils",
        "nixpkgs": "nixpkgs_2",
        "rust-overlay": "rust-overlay"
      },
      "locked": {
        "lastModified": 1729009160,
        "narHash": "sha256-GH2XOrCwZgAEN6JH/PC7rcjQhnsNm0znHdaDG4anbWs=",
        "owner": "sciencefidelity",
        "repo": "rhea",
        "rev": "0f61f4739c7981bdd5648871a5bea13076ec08f9",
        "type": "github"
      },
      "original": {
        "owner": "sciencefidelity",
        "repo": "rhea",
        "type": "github"
      }
    },
    "root": {
      "inputs": {
        "catppuccin-hyprland": "catppuccin-hyprland",
        "catppuccin-waybar": "catppuccin-waybar",
        "catppuccin-wofi": "catppuccin-wofi",
        "home-manager": "home-manager",
        "hyprcursor": "hyprcursor",
        "hyprlang": "hyprlang",
        "hyprutils": "hyprutils",
        "nix-darwin": "nix-darwin",
        "nixos-hardware": "nixos-hardware",
        "nixpkgs": "nixpkgs",
        "rhea": "rhea"
      }
    },
    "rust-overlay": {
      "inputs": {
        "nixpkgs": "nixpkgs_3"
      },
      "locked": {
        "lastModified": 1728786660,
        "narHash": "sha256-qY+1e0o6oV5ySlErhj/dsWsPLWjrMKzq4QI7a1t9/Ps=",
        "owner": "oxalica",
        "repo": "rust-overlay",
        "rev": "174a8d9cec9e2c23877a7b887c52b68ef0421d8b",
        "type": "github"
      },
      "original": {
        "owner": "oxalica",
        "repo": "rust-overlay",
        "type": "github"
      }
    },
    "systems": {
      "locked": {
        "lastModified": 1689347949,
        "narHash": "sha256-12tWmuL2zgBgZkdoB6qXZsgJEH9LR3oUgpaQq2RbI80=",
        "owner": "nix-systems",
        "repo": "default-linux",
        "rev": "31732fcf5e8fea42e59c2488ad31a0e651500f68",
        "type": "github"
      },
      "original": {
        "owner": "nix-systems",
        "repo": "default-linux",
        "type": "github"
      }
    },
    "systems_2": {
      "locked": {
        "lastModified": 1689347949,
        "narHash": "sha256-12tWmuL2zgBgZkdoB6qXZsgJEH9LR3oUgpaQq2RbI80=",
        "owner": "nix-systems",
        "repo": "default-linux",
        "rev": "31732fcf5e8fea42e59c2488ad31a0e651500f68",
        "type": "github"
      },
      "original": {
        "owner": "nix-systems",
        "repo": "default-linux",
        "type": "github"
      }
    },
    "systems_3": {
      "locked": {
        "lastModified": 1689347949,
        "narHash": "sha256-12tWmuL2zgBgZkdoB6qXZsgJEH9LR3oUgpaQq2RbI80=",
        "owner": "nix-systems",
        "repo": "default-linux",
        "rev": "31732fcf5e8fea42e59c2488ad31a0e651500f68",
        "type": "github"
      },
      "original": {
        "owner": "nix-systems",
        "repo": "default-linux",
        "type": "github"
      }
    },
    "systems_4": {
      "locked": {
        "lastModified": 1681028828,
        "narHash": "sha256-Vy1rq5AaRuLzOxct8nz4T6wlgyUR7zLU309k9mBC768=",
        "owner": "nix-systems",
        "repo": "default",
        "rev": "da67096a3b9bf56a91d16901293e51ba5b49a27e",
        "type": "github"
      },
      "original": {
        "owner": "nix-systems",
        "repo": "default",
        "type": "github"
      }
    }
  },
  "root": "root",
  "version": 7
}
